{"SurveyEntry":{"SurveyID":"SV_3XlRBqrQ8IBXJSB","SurveyName":"AffectButtonV2_Template","SurveyDescription":null,"SurveyOwnerID":"UR_8rafgfhnJV3vlUF","SurveyBrandID":"tudelft","DivisionID":"DV_0O3QVFAcL3Y2BpP","SurveyLanguage":"EN","SurveyActiveResponseSet":"RS_a995ssrJFPzDNUV","SurveyStatus":"Active","SurveyStartDate":"0000-00-00 00:00:00","SurveyExpirationDate":"0000-00-00 00:00:00","SurveyCreationDate":"2020-06-23 15:27:17","CreatorID":"UR_8rafgfhnJV3vlUF","LastModified":"2020-06-24 00:42:11","LastAccessed":"0000-00-00 00:00:00","LastActivated":"2020-06-24 00:41:30","Deleted":null},"SurveyElements":[{"SurveyID":"SV_3XlRBqrQ8IBXJSB","Element":"BL","PrimaryAttribute":"Survey Blocks","SecondaryAttribute":null,"TertiaryAttribute":null,"Payload":{"1":{"Type":"Trash","Description":"Trash \/ Unused Questions","ID":"BL_cure8O0Fz7bIc8l","BlockElements":[{"Type":"Question","QuestionID":"QID8"},{"Type":"Question","QuestionID":"QID9"},{"Type":"Question","QuestionID":"QID6"}]},"2":{"Type":"Standard","SubType":"","Description":"AffectButton Block","ID":"BL_2fVNH0dGxLZ3rCJ","BlockElements":[{"Type":"Question","QuestionID":"QID7"}]}}},{"SurveyID":"SV_3XlRBqrQ8IBXJSB","Element":"FL","PrimaryAttribute":"Survey Flow","SecondaryAttribute":null,"TertiaryAttribute":null,"Payload":{"Type":"Root","FlowID":"FL_1","Flow":[{"Type":"EmbeddedData","FlowID":"FL_7","EmbeddedData":[{"Description":"Pleasure","Type":"Custom","Field":"Pleasure","VariableType":"Scale","DataVisibility":[],"Value":"0"},{"Description":"Arousal","Type":"Custom","Field":"Arousal","VariableType":"Scale","DataVisibility":[],"Value":"0"},{"Description":"Dominance","Type":"Custom","Field":"Dominance","VariableType":"Scale","DataVisibility":[],"Value":"0"}]},{"Type":"Standard","ID":"BL_2fVNH0dGxLZ3rCJ","FlowID":"FL_6"}],"Properties":{"Count":8,"RemovedFieldsets":[]}}},{"SurveyID":"SV_3XlRBqrQ8IBXJSB","Element":"SO","PrimaryAttribute":"Survey Options","SecondaryAttribute":null,"TertiaryAttribute":null,"Payload":{"BackButton":"false","SaveAndContinue":"true","SurveyProtection":"PublicSurvey","BallotBoxStuffingPrevention":"false","NoIndex":"Yes","SecureResponseFiles":"true","SurveyExpiration":"None","SurveyTermination":"DefaultMessage","Header":"<script type=\"text\/javascript\" src=\"https:\/\/code.jquery.com\/jquery-1.11.1.min.js\"><\/script><script type=\"text\/javascript\" src=\"https:\/\/code.jquery.com\/mobile\/1.4.5\/jquery.mobile-1.4.5.min.js\"><\/script><script type=\"text\/javascript\" src=\"https:\/\/ii.tudelft.nl\/~joostb\/js\/jquery.ui.affectbutton.js\"><\/script><script>\n\tjQuery.widget( 'ui.affectbutton', jQuery.ui.affectbutton, {\n\t\toptions: {\n\t\t\tisAffectSelected:\tfalse,\n\t\t\tselectedState: {\n\t\t\t\tpleasure: \t\t0,\n\t\t\t\tarousal: \t\t0,\n\t\t\t\tdominance: \t\t0,\n\t\t\t\tmouseX: \t\t0,\n\t\t\t\tmouseY: \t\t0\n\t\t\t}\n\t\t},\n\n\t\treset: function() {\n\t\t\tthis._super();\n\t\t\tthis.updateSelectedState();\n\t\t\tthis.element.trigger('affectchanged', [this.affect()]);\n\t\t},\n\n\t\trevert: function(e) {\n\t\t\tif (this.selectedState) {\n\t\t\t\tthis.mouseX = this.selectedState.mouseX;\n\t\t\t\tthis.mouseY = this.selectedState.mouseY;\n\t\t\t\tthis.affect({\n\t\t\t\t\tpleasure: this.selectedState.pleasure,\n\t\t\t\t\tarousal: this.selectedState.arousal,\n\t\t\t\t\tdominance: this.selectedState.dominance\n\t\t\t\t});\n\t\t\t} else {\n\t\t\t\tthis.reset();\n\t\t\t};\n\t\t},\n\n\t\tupdateSelectedState() {\n\t\t\tthis.selectedState = {\n\t\t\t\tpleasure: this.state.pleasure,\n\t\t\t\tarousal: this.state.arousal,\n\t\t\t\tdominance: this.state.dominance,\n\t\t\t\tmouseX: this.mouseX,\n\t\t\t\tmouseY: this.mouseY\n\t\t\t};\n\t\t},\n\n\t\t_eventMap: function() {\n\t\t\tvar thiz = this;\n\t\t\treturn {\n\t\t\t\t'selectstart': false,\n\t\t\t\t'mouseenter': function(e) {\n\t\t\t\t\tthiz.down = false;\n\t\t\t\t\tthiz.clicked=false;\n\t\t\t\t\treturn false;\n\t\t\t\t},\n\t\t\t\t'mouseleave': function(e) {\n\t\t\t\t\tthiz.down = false;\n\t\t\t\t\tif (!thiz.isAffectSelected) {\n\t\t\t\t\t\tthiz.revert();\n\t\t\t\t\t}\n\t\t\t\t\tthiz.isAffectSelected = false;\n\t\t\t\t\tthiz.clicked=false;\n\t\t\t\t\treturn false;\n\t\t\t\t},\n\t\t\t\t'mousedown': function(e) {\n\t\t\t\t\tthiz.down = true;\n\t\t\t\t\tthiz.clicked=false;\n\t\t\t\t\tthiz._doMouse(e);\n\t\t\t\t\treturn false;\n\t\t\t\t},\n\t\t\t\t'mousemove': function(e) {\n\t\t\t\t\tthiz.clicked=false;\n\t\t\t\t\tif (!thiz.isAffectSelected) {\n\t\t\t\t\t\tthiz._doMouse(e);\n\t\t\t\t\t}\n\t\t\t\t\treturn false;\n\t\t\t\t},\n\t\t\t\t'mouseup': function(e) {\n\t\t\t\t\tif (thiz.down) thiz.clicked=true;\n\t\t\t\t\tthiz.down = false;\n\t\t\t\t\tthiz._doMouse(e);\n\t\t\t\t\tthiz.isAffectSelected = true;\n\t\t\t\t\tthiz.updateSelectedState();\n\t\t\t\t\treturn false;\n\t\t\t\t}\n\t\t\t};\n\t\t},\n\t});\n<\/script><script type=\"text\/javascript\"  src=\"https:\/\/ii.tudelft.nl\/~joostb\/js\/jquery.ui.affectbutton.mobile.js\"><\/script>","Footer":"","ProgressBarDisplay":"None","PartialData":"+1 week","ValidationMessage":"","PreviousButton":" \u2190 ","NextButton":" \u2192 ","SurveyTitle":"Online Survey Software | Qualtrics Survey Solutions","SkinLibrary":"tudelft","SkinType":"templated","Skin":{"brandingId":null,"templateId":"*modern","overrides":null},"NewScoring":1,"CustomStyles":{"customCSS":".ui-loader {\n  display: none !important;\n}\n[data-role=page], \n.landscape, .landscape .ui-page, \n.portrait, .portrait .ui-page,  \n.ui-mobile .ui-page {\n  min-height: auto;\n}\n.affectinput {\n  padding: 6px 10px;\n  margin: 4px 0;\n  margin-left: 15px;\n  display: inline-block;\n  border: 1px solid #ccc;\n  border-radius: 4px;\n  box-sizing: border-box;\n}\n.flexdiv {\n    display: flex; \n    flex-direction: row; \n    justify-content:  flex-end; \n    align-items: center;\n}\n.affectcanvas {\n    height: 200px; \n    width: 200px;\n}\n.center {\n   margin: 0 auto;\n  text-align: center;\n}\n.affectbtn {\t\n  background-color: #f1f1f1;\n  color: black;\n  font-size: 14px;\n  padding: 10px 15px;\n  border: none;\n  cursor: pointer;\n  border-radius: 5px;\n  text-align: center;\n  width: 200px;\n}\n\n.affectbtn:hover {\n  background-color: black;\n  color: white;\n}"},"headerMid":"","libraryId":"","nextButtonMid":"","previousButtonMid":"","footerMid":"","QuestionsPerPage":"","PageTransition":"Fade","Autofocus":"false","Autoadvance":"false","AutoadvancePages":"false","HighlightQuestions":"off","ProtectSelectionIds":true}},{"SurveyID":"SV_3XlRBqrQ8IBXJSB","Element":"SCO","PrimaryAttribute":"Scoring","SecondaryAttribute":null,"TertiaryAttribute":null,"Payload":{"ScoringCategories":[],"ScoringCategoryGroups":[],"ScoringSummaryCategory":null,"ScoringSummaryAfterQuestions":0,"ScoringSummaryAfterSurvey":0,"DefaultScoringCategory":null,"AutoScoringCategory":null}},{"SurveyID":"SV_3XlRBqrQ8IBXJSB","Element":"PROJ","PrimaryAttribute":"CORE","SecondaryAttribute":null,"TertiaryAttribute":"1.1.0","Payload":{"ProjectCategory":"CORE","SchemaVersion":"1.1.0"}},{"SurveyID":"SV_3XlRBqrQ8IBXJSB","Element":"STAT","PrimaryAttribute":"Survey Statistics","SecondaryAttribute":null,"TertiaryAttribute":null,"Payload":{"MobileCompatible":true,"ID":"Survey Statistics"}},{"SurveyID":"SV_3XlRBqrQ8IBXJSB","Element":"QC","PrimaryAttribute":"Survey Question Count","SecondaryAttribute":"9","TertiaryAttribute":null,"Payload":null},{"SurveyID":"SV_3XlRBqrQ8IBXJSB","Element":"SQ","PrimaryAttribute":"QID7","SecondaryAttribute":"Click on the canvas to select your emotional state: \u00a0 Reset","TertiaryAttribute":null,"Payload":{"QuestionText":"<div class=\"center\">Click on the canvas to select your emotional state:<\/div>\n&nbsp;\n\n<div style=\"height:250px;\">\n<div data-role=\"page\" id=\"index\">\n<div class=\"center\" data-role=\"content\" id=\"maincontent\">\n<div><canvas class=\"affectcanvas\" height=\"200px\" id=\"affect\" width=\"200px\"> <\/canvas><\/div>\n\n<div><button class=\"affectbtn\" id=\"resetButton\">Reset<\/button><\/div>\n\n<div><input class=\"affectinput\" id=\"pleasure\" max=\"1\" min=\"-1\" size=\"4\" step=\"0.05\" type=\"hidden\" value=\"0\" \/> <input class=\"affectinput\" id=\"arousal\" max=\"1\" min=\"-1\" step=\"0.05\" type=\"hidden\" value=\"0\" \/> <input class=\"affectinput\" id=\"dominance\" max=\"1\" min=\"-1\" step=\"0.05\" type=\"hidden\" value=\"0\" \/><\/div>\n<\/div>\n<\/div>\n<\/div>","QuestionJS":"Qualtrics.SurveyEngine.addOnload(function()\n{\n\t\/*Place your JavaScript here to run when the page loads*\/\n\t\n\t\/\/ Embedded data names\n\t\/\/ To be updated for each question\n\tvar pleasure = 'Pleasure';\n\tvar dominance = 'Dominance';\n\tvar arousal = 'Arousal';\n\t\n\t\/\/ Prevent scrolling when inside the canvas\n\t\/\/ this is needed for touch events\n\tjQuery(\"#affect\").on(\"touchstart\", function(e) {\n\t\t\/\/e.preventDefault();\n\t\tdocument.documentElement.style.overflow = 'hidden';\n\t});\n\tjQuery(\"#affect\").on(\"touchend\", function(e) {\n\t\tdocument.documentElement.style.overflow = 'auto';\n\t});\n\t\n\t\/\/ @return the value of the inputId\n\tfunction getInputValue(inputId) {\n\t\tv =  jQuery(inputId).val();\n\t\tif (v) {\n\t\t\treturn v;\n\t\t} else {\n\t\t\treturn \t0;\n\t\t}\n\t}\n\t\n\t\/\/ Updates embedded data on change\n\tfunction updateAffectData() {\n\t\tQualtrics.SurveyEngine.setEmbeddedData(pleasure, getInputValue('#pleasure'));\n\t\tQualtrics.SurveyEngine.setEmbeddedData(dominance, getInputValue('#dominance'));\n\t\tQualtrics.SurveyEngine.setEmbeddedData(arousal, getInputValue('#arousal'));\n\t}\n\t\n\tfunction onInputChange(inputId, dataName) {\n\t\tjQuery(inputId).off('input').on('input', function() {\n\t\t\tvar v = jQuery(this).val();\n\t\t\tif (v) {\n\t\t\t\tjQuery('#affect').affectbutton('affect', this.id, v);\n\t\t\t\tQualtrics.SurveyEngine.setEmbeddedData(dataName, v);\n\t\t\t}\n\t\t});\n\t}\n\t\n\tfunction onAffectChange() {\n\t\tjQuery('#affect').affectbutton({\n\t\t}).off('affectchanged').on('affectchanged', function(e, a) {\n\t\t\t\/\/ ... so we can update the input element of each component\n\t\t\tjQuery.each(a, function(c, v) {\n\t\t\t\tjQuery('#' + c).val(v);\n\t\t\t});\n\t\t\tupdateAffectData();\n\t\t});\n\t}\n\t\n\tonAffectChange();\n\t\n\tonInputChange('#pleasure', pleasure);\n\tonInputChange('#dominance', dominance);\n\tonInputChange('#arousal', arousal);\n\t\n\tjQuery('#resetButton').on('click', function() {\n\t\tjQuery('#affect').affectbutton('reset');\n\t});\n\t\n});\n\nQualtrics.SurveyEngine.addOnReady(function()\n{\n\t\/*Place your JavaScript here to run when the page is fully displayed*\/\n\n});\n\nQualtrics.SurveyEngine.addOnUnload(function()\n{\n\t\/*Place your JavaScript here to run when the page is unloaded*\/\n\tjQuery('#maincontent').remove();\n\n});","DefaultChoices":false,"DataExportTag":"QAffectButton","QuestionType":"DB","Selector":"TB","Configuration":{"QuestionDescriptionOption":"UseText"},"QuestionDescription":"Click on the canvas to select your emotional state: \u00a0 Reset","ChoiceOrder":[],"Validation":{"Settings":{"Type":"None"}},"GradingData":[],"Language":[],"NextChoiceId":4,"NextAnswerId":1,"QuestionID":"QID7","DataVisibility":{"Private":false,"Hidden":false}}},{"SurveyID":"SV_3XlRBqrQ8IBXJSB","Element":"SQ","PrimaryAttribute":"QID8","SecondaryAttribute":"Click on the canvas to select your emotional state: Reset","TertiaryAttribute":null,"Payload":{"QuestionText":"<div>Click on the canvas to select your emotional state:<\/div>\n<br \/>\n<div style=\"height:250px;\">\n<div data-role=\"page\" id=\"index\">\n<div class=\"center\" data-role=\"content\" id=\"maincontent\">\n<div><canvas class=\"affectcanvas\" height=\"200px\" id=\"affect\" width=\"200px\"> <\/canvas><\/div>\n\n<div><button class=\"affectbtn\" id=\"resetButton\">Reset<\/button><\/div>\n\n<div><input class=\"affectinput\" id=\"pleasure\" max=\"1\" min=\"-1\" size=\"4\" step=\"0.05\" type=\"hidden\" value=\"0\" \/> <input class=\"affectinput\" id=\"arousal\" max=\"1\" min=\"-1\" step=\"0.05\" type=\"hidden\" value=\"0\" \/> <input class=\"affectinput\" id=\"dominance\" max=\"1\" min=\"-1\" step=\"0.05\" type=\"hidden\" value=\"0\" \/><\/div>\n<\/div>\n<\/div>\n<\/div>","QuestionJS":"Qualtrics.SurveyEngine.addOnload(function()\n{\n\t\/*Place your JavaScript here to run when the page loads*\/\n\t\n\t\/\/ Embedded data names\n\t\/\/ To be updated for each question\n\tvar pleasure = 'Pleasure2';\n\tvar dominance = 'Dominance2';\n\tvar arousal = 'Arousal2';\n\t\n\t\/\/ Prevent scrolling when inside the canvas\n\t\/\/ this is needed for touch events\n\tjQuery(\"#affect\").on(\"touchstart\", function(e) {\n\t\t\/\/e.preventDefault();\n\t\tdocument.documentElement.style.overflow = 'hidden';\n\t});\n\tjQuery(\"#affect\").on(\"touchend\", function(e) {\n\t\tdocument.documentElement.style.overflow = 'auto';\n\t});\n\t\n   \t\/\/ set page height to auto\n\tjQuery(function() {\n\t\tjQuery('[data-role=\"page\"]').css('min-height', 'auto');\n\t});\n\t\n\t\/\/ @return the value of the inputId\n\tfunction getInputValue(inputId) {\n\t\tv =  jQuery(inputId).val();\n\t\tif (v) {\n\t\t\treturn v;\n\t\t} else {\n\t\t\treturn \t0;\n\t\t}\n\t}\n\t\n\t\/\/ Updates embedded data on change\n\tfunction updateAffectData() {\n\t\tQualtrics.SurveyEngine.setEmbeddedData(pleasure, getInputValue('#pleasure'));\n\t\tQualtrics.SurveyEngine.setEmbeddedData(dominance, getInputValue('#dominance'));\n\t\tQualtrics.SurveyEngine.setEmbeddedData(arousal, getInputValue('#arousal'));\n\t}\n\t\n\tfunction onInputChange(inputId, dataName) {\n\t\tjQuery(inputId).off('input').on('input', function() {\n\t\t\tvar v = jQuery(this).val();\n\t\t\tif (v) {\n\t\t\t\tjQuery('#affect').affectbutton('affect', this.id, v);\n\t\t\t\tQualtrics.SurveyEngine.setEmbeddedData(dataName, v);\n\t\t\t}\n\t\t});\n\t}\n\t\n\tfunction onAffectChange() {\n\t\tjQuery('#affect').affectbutton({\n\t\t}).off('affectchanged').on('affectchanged', function(e, a) {\n\t\t\t\/\/ ... so we can update the input element of each component\n\t\t\tjQuery.each(a, function(c, v) {\n\t\t\t\tjQuery('#' + c).val(v);\n\t\t\t});\n\t\t\tupdateAffectData();\n\t\t});\n\t}\n\t\n\tonAffectChange();\n\t\n\tonInputChange('#pleasure', pleasure);\n\tonInputChange('#dominance', dominance);\n\tonInputChange('#arousal', arousal);\n\t\n\tjQuery('#resetButton').on('click', function() {\n\t\tjQuery('#affect').affectbutton('reset');\n\t});\n});\n\nQualtrics.SurveyEngine.addOnReady(function()\n{\n\t\/*Place your JavaScript here to run when the page is fully displayed*\/\n\n});\n\nQualtrics.SurveyEngine.addOnUnload(function()\n{\n\t\/*Place your JavaScript here to run when the page is unloaded*\/\n\tjQuery('#maincontent').remove();\n\n});","DefaultChoices":false,"DataExportTag":"QAffectButton2","QuestionType":"DB","Selector":"TB","DataVisibility":{"Private":false,"Hidden":false},"Configuration":{"QuestionDescriptionOption":"UseText"},"QuestionDescription":"Click on the canvas to select your emotional state: Reset","ChoiceOrder":[],"Validation":{"Settings":{"Type":"None"}},"GradingData":[],"Language":[],"NextChoiceId":4,"NextAnswerId":1,"QuestionID":"QID8"}},{"SurveyID":"SV_3XlRBqrQ8IBXJSB","Element":"SQ","PrimaryAttribute":"QID6","SecondaryAttribute":"Click to write the question text","TertiaryAttribute":null,"Payload":{"QuestionText":"Click to write the question text","DefaultChoices":false,"DataExportTag":"Q1","QuestionID":"QID6","QuestionType":"MC","Selector":"SAVR","SubSelector":"TX","DataVisibility":{"Private":false,"Hidden":false},"Configuration":{"QuestionDescriptionOption":"UseText"},"QuestionDescription":"Click to write the question text","Choices":{"4":{"Display":"Click to write Choice 1"},"5":{"Display":"Click to write Choice 2"},"6":{"Display":"Click to write Choice 3"}},"ChoiceOrder":["4","5","6"],"Validation":{"Settings":{"ForceResponse":"OFF","ForceResponseType":"ON","Type":"None"}},"GradingData":[],"Language":[],"NextChoiceId":7,"NextAnswerId":1}},{"SurveyID":"SV_3XlRBqrQ8IBXJSB","Element":"SQ","PrimaryAttribute":"QID9","SecondaryAttribute":"Click to write the question text","TertiaryAttribute":null,"Payload":{"QuestionText":"Click to write the question text","DataExportTag":"Q2","QuestionType":"MC","Selector":"SAVR","SubSelector":"TX","Configuration":{"QuestionDescriptionOption":"UseText"},"QuestionDescription":"Click to write the question text","Choices":{"1":{"Display":"Click to write Choice 1"},"2":{"Display":"Click to write Choice 2"},"3":{"Display":"Click to write Choice 3"}},"ChoiceOrder":["1","2","3"],"Validation":{"Settings":{"ForceResponse":"OFF","ForceResponseType":"ON","Type":"None"}},"Language":[],"NextChoiceId":4,"NextAnswerId":1,"QuestionID":"QID9","DataVisibility":{"Private":false,"Hidden":false}}},{"SurveyID":"SV_3XlRBqrQ8IBXJSB","Element":"RS","PrimaryAttribute":"RS_a995ssrJFPzDNUV","SecondaryAttribute":"Default Response Set","TertiaryAttribute":null,"Payload":null}]}